# This file is automatically @generated by Cargo.
# It is not intended for manual editing.
version = 3

[[package]]
name = "fastblur"
version = "0.1.1"
source = "git+https://github.com/fschutt/fastblur#07629f9061db5d4c5f2cf9a40a8a5f7c6111123d"

[[package]]
name = "rs"
version = "0.1.0"
dependencies = [
 "fastblur",
]
